// !$*UTF8*$!
{
	archiveVersion = 1;
	classes = {
	};
	objectVersion = 50;
	objects = {

/* Begin PBXBuildFile section */
		917BC6982144C57400F0585A /* AppDelegate.swift in Sources */ = {isa = PBXBuildFile; fileRef = 917BC6972144C57400F0585A /* AppDelegate.swift */; };
		917BC69A2144C57400F0585A /* FirstViewController.swift in Sources */ = {isa = PBXBuildFile; fileRef = 917BC6992144C57400F0585A /* FirstViewController.swift */; };
		917BC69C2144C57400F0585A /* SecondViewController.swift in Sources */ = {isa = PBXBuildFile; fileRef = 917BC69B2144C57400F0585A /* SecondViewController.swift */; };
		917BC69F2144C57400F0585A /* Main.storyboard in Resources */ = {isa = PBXBuildFile; fileRef = 917BC69D2144C57400F0585A /* Main.storyboard */; };
		917BC6A12144C57500F0585A /* Assets.xcassets in Resources */ = {isa = PBXBuildFile; fileRef = 917BC6A02144C57500F0585A /* Assets.xcassets */; };
		917BC6A42144C57500F0585A /* LaunchScreen.storyboard in Resources */ = {isa = PBXBuildFile; fileRef = 917BC6A22144C57500F0585A /* LaunchScreen.storyboard */; };
		917BC6AC2144CA4100F0585A /* Secrets.swift in Sources */ = {isa = PBXBuildFile; fileRef = 917BC6AB2144CA4100F0585A /* Secrets.swift */; };
		CD653B5D5488EE302FC18D4A /* Pods_New_Plaza_Cinemas.framework in Frameworks */ = {isa = PBXBuildFile; fileRef = C38A96B641CD1E7BD571F45B /* Pods_New_Plaza_Cinemas.framework */; };
/* End PBXBuildFile section */

/* Begin PBXFileReference section */
		51208B043B568DA72ECA7652 /* Pods-New Plaza Cinemas.debug.xcconfig */ = {isa = PBXFileReference; includeInIndex = 1; lastKnownFileType = text.xcconfig; name = "Pods-New Plaza Cinemas.debug.xcconfig"; path = "Pods/Target Support Files/Pods-New Plaza Cinemas/Pods-New Plaza Cinemas.debug.xcconfig"; sourceTree = "<group>"; };
		59443525B0DA8A511D1AE842 /* Pods-New Plaza Cinemas.release.xcconfig */ = {isa = PBXFileReference; includeInIndex = 1; lastKnownFileType = text.xcconfig; name = "Pods-New Plaza Cinemas.release.xcconfig"; path = "Pods/Target Support Files/Pods-New Plaza Cinemas/Pods-New Plaza Cinemas.release.xcconfig"; sourceTree = "<group>"; };
		917BC6942144C57400F0585A /* New Plaza Cinemas.app */ = {isa = PBXFileReference; explicitFileType = wrapper.application; includeInIndex = 0; path = "New Plaza Cinemas.app"; sourceTree = BUILT_PRODUCTS_DIR; };
		917BC6972144C57400F0585A /* AppDelegate.swift */ = {isa = PBXFileReference; lastKnownFileType = sourcecode.swift; path = AppDelegate.swift; sourceTree = "<group>"; };
		917BC6992144C57400F0585A /* FirstViewController.swift */ = {isa = PBXFileReference; lastKnownFileType = sourcecode.swift; path = FirstViewController.swift; sourceTree = "<group>"; };
		917BC69B2144C57400F0585A /* SecondViewController.swift */ = {isa = PBXFileReference; lastKnownFileType = sourcecode.swift; path = SecondViewController.swift; sourceTree = "<group>"; };
		917BC69E2144C57400F0585A /* Base */ = {isa = PBXFileReference; lastKnownFileType = file.storyboard; name = Base; path = Base.lproj/Main.storyboard; sourceTree = "<group>"; };
		917BC6A02144C57500F0585A /* Assets.xcassets */ = {isa = PBXFileReference; lastKnownFileType = folder.assetcatalog; path = Assets.xcassets; sourceTree = "<group>"; };
		917BC6A32144C57500F0585A /* Base */ = {isa = PBXFileReference; lastKnownFileType = file.storyboard; name = Base; path = Base.lproj/LaunchScreen.storyboard; sourceTree = "<group>"; };
		917BC6A52144C57500F0585A /* Info.plist */ = {isa = PBXFileReference; lastKnownFileType = text.plist.xml; path = Info.plist; sourceTree = "<group>"; };
		917BC6AB2144CA4100F0585A /* Secrets.swift */ = {isa = PBXFileReference; lastKnownFileType = sourcecode.swift; path = Secrets.swift; sourceTree = "<group>"; };
		C38A96B641CD1E7BD571F45B /* Pods_New_Plaza_Cinemas.framework */ = {isa = PBXFileReference; explicitFileType = wrapper.framework; includeInIndex = 0; path = Pods_New_Plaza_Cinemas.framework; sourceTree = BUILT_PRODUCTS_DIR; };
/* End PBXFileReference section */

/* Begin PBXFrameworksBuildPhase section */
		917BC6912144C57400F0585A /* Frameworks */ = {
			isa = PBXFrameworksBuildPhase;
			buildActionMask = 2147483647;
			files = (
				CD653B5D5488EE302FC18D4A /* Pods_New_Plaza_Cinemas.framework in Frameworks */,
			);
			runOnlyForDeploymentPostprocessing = 0;
		};
/* End PBXFrameworksBuildPhase section */

/* Begin PBXGroup section */
		88555FD336A13732680BAC5C /* Pods */ = {
			isa = PBXGroup;
			children = (
				51208B043B568DA72ECA7652 /* Pods-New Plaza Cinemas.debug.xcconfig */,
				59443525B0DA8A511D1AE842 /* Pods-New Plaza Cinemas.release.xcconfig */,
			);
			name = Pods;
			sourceTree = "<group>";
		};
		917BC68B2144C57400F0585A = {
			isa = PBXGroup;
			children = (
				917BC6AB2144CA4100F0585A /* Secrets.swift */,
				917BC6962144C57400F0585A /* New Plaza Cinemas */,
				917BC6952144C57400F0585A /* Products */,
				88555FD336A13732680BAC5C /* Pods */,
				B1F25338A852C3DAAD611EA0 /* Frameworks */,
			);
			sourceTree = "<group>";
		};
		917BC6952144C57400F0585A /* Products */ = {
			isa = PBXGroup;
			children = (
				917BC6942144C57400F0585A /* New Plaza Cinemas.app */,
			);
			name = Products;
			sourceTree = "<group>";
		};
		917BC6962144C57400F0585A /* New Plaza Cinemas */ = {
			isa = PBXGroup;
			children = (
				917BC6972144C57400F0585A /* AppDelegate.swift */,
				917BC6992144C57400F0585A /* FirstViewController.swift */,
				917BC69B2144C57400F0585A /* SecondViewController.swift */,
				917BC69D2144C57400F0585A /* Main.storyboard */,
				917BC6A02144C57500F0585A /* Assets.xcassets */,
				917BC6A22144C57500F0585A /* LaunchScreen.storyboard */,
				917BC6A52144C57500F0585A /* Info.plist */,
			);
			path = "New Plaza Cinemas";
			sourceTree = "<group>";
		};
		B1F25338A852C3DAAD611EA0 /* Frameworks */ = {
			isa = PBXGroup;
			children = (
				C38A96B641CD1E7BD571F45B /* Pods_New_Plaza_Cinemas.framework */,
			);
			name = Frameworks;
			sourceTree = "<group>";
		};
/* End PBXGroup section */

/* Begin PBXNativeTarget section */
		917BC6932144C57400F0585A /* New Plaza Cinemas */ = {
			isa = PBXNativeTarget;
			buildConfigurationList = 917BC6A82144C57500F0585A /* Build configuration list for PBXNativeTarget "New Plaza Cinemas" */;
			buildPhases = (
				6F911818A1A9FCEC996FB3ED /* [CP] Check Pods Manifest.lock */,
				917BC6902144C57400F0585A /* Sources */,
				917BC6912144C57400F0585A /* Frameworks */,
				917BC6922144C57400F0585A /* Resources */,
				AE5BC05914240C1A10267D06 /* [CP] Embed Pods Frameworks */,
			);
			buildRules = (
			);
			dependencies = (
			);
			name = "New Plaza Cinemas";
			productName = "New Plaza Cinemas";
			productReference = 917BC6942144C57400F0585A /* New Plaza Cinemas.app */;
			productType = "com.apple.product-type.application";
		};
/* End PBXNativeTarget section */

/* Begin PBXProject section */
		917BC68C2144C57400F0585A /* Project object */ = {
			isa = PBXProject;
			attributes = {
				LastSwiftUpdateCheck = 1000;
				LastUpgradeCheck = 1000;
				ORGANIZATIONNAME = ZvoNik;
				TargetAttributes = {
					917BC6932144C57400F0585A = {
						CreatedOnToolsVersion = 10.0;
					};
				};
			};
			buildConfigurationList = 917BC68F2144C57400F0585A /* Build configuration list for PBXProject "New Plaza Cinemas" */;
			compatibilityVersion = "Xcode 9.3";
			developmentRegion = en;
			hasScannedForEncodings = 0;
			knownRegions = (
				en,
				Base,
			);
			mainGroup = 917BC68B2144C57400F0585A;
			productRefGroup = 917BC6952144C57400F0585A /* Products */;
			projectDirPath = "";
			projectRoot = "";
			targets = (
				917BC6932144C57400F0585A /* New Plaza Cinemas */,
			);
		};
/* End PBXProject section */

/* Begin PBXResourcesBuildPhase section */
		917BC6922144C57400F0585A /* Resources */ = {
			isa = PBXResourcesBuildPhase;
			buildActionMask = 2147483647;
			files = (
				917BC6A42144C57500F0585A /* LaunchScreen.storyboard in Resources */,
				917BC6A12144C57500F0585A /* Assets.xcassets in Resources */,
				917BC69F2144C57400F0585A /* Main.storyboard in Resources */,
			);
			runOnlyForDeploymentPostprocessing = 0;
		};
/* End PBXResourcesBuildPhase section */

/* Begin PBXShellScriptBuildPhase section */
		6F911818A1A9FCEC996FB3ED /* [CP] Check Pods Manifest.lock */ = {
			isa = PBXShellScriptBuildPhase;
			buildActionMask = 2147483647;
			files = (
			);
			inputFileListPaths = (
			);
			inputPaths = (
				"${PODS_PODFILE_DIR_PATH}/Podfile.lock",
				"${PODS_ROOT}/Manifest.lock",
			);
			name = "[CP] Check Pods Manifest.lock";
			outputFileListPaths = (
			);
			outputPaths = (
				"$(DERIVED_FILE_DIR)/Pods-New Plaza Cinemas-checkManifestLockResult.txt",
			);
			runOnlyForDeploymentPostprocessing = 0;
			shellPath = /bin/sh;
			shellScript = "diff \"${PODS_PODFILE_DIR_PATH}/Podfile.lock\" \"${PODS_ROOT}/Manifest.lock\" > /dev/null\nif [ $? != 0 ] ; then\n    # print error to STDERR\n    echo \"error: The sandbox is not in sync with the Podfile.lock. Run 'pod install' or update your CocoaPods installation.\" >&2\n    exit 1\nfi\n# This output is used by Xcode 'outputs' to avoid re-running this script phase.\necho \"SUCCESS\" > \"${SCRIPT_OUTPUT_FILE_0}\"\n";
			showEnvVarsInLog = 0;
		};
		AE5BC05914240C1A10267D06 /* [CP] Embed Pods Frameworks */ = {
			isa = PBXShellScriptBuildPhase;
			buildActionMask = 2147483647;
			files = (
			);
			inputFileListPaths = (
			);
			inputPaths = (
				"${SRCROOT}/Pods/Target Support Files/Pods-New Plaza Cinemas/Pods-New Plaza Cinemas-frameworks.sh",
				"${BUILT_PRODUCTS_DIR}/Alamofire/Alamofire.framework",
				"${BUILT_PRODUCTS_DIR}/SwiftyJSON/SwiftyJSON.framework",
			);
			name = "[CP] Embed Pods Frameworks";
			outputFileListPaths = (
			);
			outputPaths = (
				"${TARGET_BUILD_DIR}/${FRAMEWORKS_FOLDER_PATH}/Alamofire.framework",
				"${TARGET_BUILD_DIR}/${FRAMEWORKS_FOLDER_PATH}/SwiftyJSON.framework",
			);
			runOnlyForDeploymentPostprocessing = 0;
			shellPath = /bin/sh;
			shellScript = "\"${SRCROOT}/Pods/Target Support Files/Pods-New Plaza Cinemas/Pods-New Plaza Cinemas-frameworks.sh\"\n";
			showEnvVarsInLog = 0;
		};
/* End PBXShellScriptBuildPhase section */

/* Begin PBXSourcesBuildPhase section */
		917BC6902144C57400F0585A /* Sources */ = {
			isa = PBXSourcesBuildPhase;
			buildActionMask = 2147483647;
			files = (
				917BC69C2144C57400F0585A /* SecondViewController.swift in Sources */,
				917BC6AC2144CA4100F0585A /* Secrets.swift in Sources */,
				917BC6982144C57400F0585A /* AppDelegate.swift in Sources */,
				917BC69A2144C57400F0585A /* FirstViewController.swift in Sources */,
			);
			runOnlyForDeploymentPostprocessing = 0;
		};
/* End PBXSourcesBuildPhase section */

/* Begin PBXVariantGroup section */
		917BC69D2144C57400F0585A /* Main.storyboard */ = {
			isa = PBXVariantGroup;
			children = (
				917BC69E2144C57400F0585A /* Base */,
			);
			name = Main.storyboard;
			sourceTree = "<group>";
		};
		917BC6A22144C57500F0585A /* LaunchScreen.storyboard */ = {
			isa = PBXVariantGroup;
			children = (
				917BC6A32144C57500F0585A /* Base */,
			);
			name = LaunchScreen.storyboard;
			sourceTree = "<group>";
		};
/* End PBXVariantGroup section */

/* Begin XCBuildConfiguration section */
		917BC6A62144C57500F0585A /* Debug */ = {
			isa = XCBuildConfiguration;
			buildSettings = {
				ALWAYS_SEARCH_USER_PATHS = NO;
				CLANG_ANALYZER_NONNULL = YES;
				CLANG_ANALYZER_NUMBER_OBJECT_CONVERSION = YES_AGGRESSIVE;
				CLANG_CXX_LANGUAGE_STANDARD = "gnu++14";
				CLANG_CXX_LIBRARY = "libc++";
				CLANG_ENABLE_MODULES = YES;
				CLANG_ENABLE_OBJC_ARC = YES;
				CLANG_ENABLE_OBJC_WEAK = YES;
				CLANG_WARN_BLOCK_CAPTURE_AUTORELEASING = YES;
				CLANG_WARN_BOOL_CONVERSION = YES;
				CLANG_WARN_COMMA = YES;
				CLANG_WARN_CONSTANT_CONVERSION = YES;
				CLANG_WARN_DEPRECATED_OBJC_IMPLEMENTATIONS = YES;
				CLANG_WARN_DIRECT_OBJC_ISA_USAGE = YES_ERROR;
				CLANG_WARN_DOCUMENTATION_COMMENTS = YES;
				CLANG_WARN_EMPTY_BODY = YES;
				CLANG_WARN_ENUM_CONVERSION = YES;
				CLANG_WARN_INFINITE_RECURSION = YES;
				CLANG_WARN_INT_CONVERSION = YES;
				CLANG_WARN_NON_LITERAL_NULL_CONVERSION = YES;
				CLANG_WARN_OBJC_IMPLICIT_RETAIN_SELF = YES;
				CLANG_WARN_OBJC_LITERAL_CONVERSION = YES;
				CLANG_WARN_OBJC_ROOT_CLASS = YES_ERROR;
				CLANG_WARN_RANGE_LOOP_ANALYSIS = YES;
				CLANG_WARN_STRICT_PROTOTYPES = YES;
				CLANG_WARN_SUSPICIOUS_MOVE = YES;
				CLANG_WARN_UNGUARDED_AVAILABILITY = YES_AGGRESSIVE;
				CLANG_WARN_UNREACHABLE_CODE = YES;
				CLANG_WARN__DUPLICATE_METHOD_MATCH = YES;
				CODE_SIGN_IDENTITY = "iPhone Developer";
				COPY_PHASE_STRIP = NO;
				DEBUG_INFORMATION_FORMAT = dwarf;
				ENABLE_STRICT_OBJC_MSGSEND = YES;
				ENABLE_TESTABILITY = YES;
				GCC_C_LANGUAGE_STANDARD = gnu11;
				GCC_DYNAMIC_NO_PIC = NO;
				GCC_NO_COMMON_BLOCKS = YES;
				GCC_OPTIMIZATION_LEVEL = 0;
				GCC_PREPROCESSOR_DEFINITIONS = (
					"DEBUG=1",
					"$(inherited)",
				);
				GCC_WARN_64_TO_32_BIT_CONVERSION = YES;
				GCC_WARN_ABOUT_RETURN_TYPE = YES_ERROR;
				GCC_WARN_UNDECLARED_SELECTOR = YES;
				GCC_WARN_UNINITIALIZED_AUTOS = YES_AGGRESSIVE;
				GCC_WARN_UNUSED_FUNCTION = YES;
				GCC_WARN_UNUSED_VARIABLE = YES;
				IPHONEOS_DEPLOYMENT_TARGET = 12.0;
				MTL_ENABLE_DEBUG_INFO = INCLUDE_SOURCE;
				MTL_FAST_MATH = YES;
				ONLY_ACTIVE_ARCH = YES;
				SDKROOT = iphoneos;
				SWIFT_ACTIVE_COMPILATION_CONDITIONS = DEBUG;
				SWIFT_OPTIMIZATION_LEVEL = "-Onone";
			};
			name = Debug;
		};
		917BC6A72144C57500F0585A /* Release */ = {
			isa = XCBuildConfiguration;
			buildSettings = {
				ALWAYS_SEARCH_USER_PATHS = NO;
				CLANG_ANALYZER_NONNULL = YES;
				CLANG_ANALYZER_NUMBER_OBJECT_CONVERSION = YES_AGGRESSIVE;
				CLANG_CXX_LANGUAGE_STANDARD = "gnu++14";
				CLANG_CXX_LIBRARY = "libc++";
				CLANG_ENABLE_MODULES = YES;
				CLANG_ENABLE_OBJC_ARC = YES;
				CLANG_ENABLE_OBJC_WEAK = YES;
				CLANG_WARN_BLOCK_CAPTURE_AUTORELEASING = YES;
				CLANG_WARN_BOOL_CONVERSION = YES;
				CLANG_WARN_COMMA = YES;
				CLANG_WARN_CONSTANT_CONVERSION = YES;
				CLANG_WARN_DEPRECATED_OBJC_IMPLEMENTATIONS = YES;
				CLANG_WARN_DIRECT_OBJC_ISA_USAGE = YES_ERROR;
				CLANG_WARN_DOCUMENTATION_COMMENTS = YES;
				CLANG_WARN_EMPTY_BODY = YES;
				CLANG_WARN_ENUM_CONVERSION = YES;
				CLANG_WARN_INFINITE_RECURSION = YES;
				CLANG_WARN_INT_CONVERSION = YES;
				CLANG_WARN_NON_LITERAL_NULL_CONVERSION = YES;
				CLANG_WARN_OBJC_IMPLICIT_RETAIN_SELF = YES;
				CLANG_WARN_OBJC_LITERAL_CONVERSION = YES;
				CLANG_WARN_OBJC_ROOT_CLASS = YES_ERROR;
				CLANG_WARN_RANGE_LOOP_ANALYSIS = YES;
				CLANG_WARN_STRICT_PROTOTYPES = YES;
				CLANG_WARN_SUSPICIOUS_MOVE = YES;
				CLANG_WARN_UNGUARDED_AVAILABILITY = YES_AGGRESSIVE;
				CLANG_WARN_UNREACHABLE_CODE = YES;
				CLANG_WARN__DUPLICATE_METHOD_MATCH = YES;
				CODE_SIGN_IDENTITY = "iPhone Developer";
				COPY_PHASE_STRIP = NO;
				DEBUG_INFORMATION_FORMAT = "dwarf-with-dsym";
				ENABLE_NS_ASSERTIONS = NO;
				ENABLE_STRICT_OBJC_MSGSEND = YES;
				GCC_C_LANGUAGE_STANDARD = gnu11;
				GCC_NO_COMMON_BLOCKS = YES;
				GCC_WARN_64_TO_32_BIT_CONVERSION = YES;
				GCC_WARN_ABOUT_RETURN_TYPE = YES_ERROR;
				GCC_WARN_UNDECLARED_SELECTOR = YES;
				GCC_WARN_UNINITIALIZED_AUTOS = YES_AGGRESSIVE;
				GCC_WARN_UNUSED_FUNCTION = YES;
				GCC_WARN_UNUSED_VARIABLE = YES;
				IPHONEOS_DEPLOYMENT_TARGET = 12.0;
				MTL_ENABLE_DEBUG_INFO = NO;
				MTL_FAST_MATH = YES;
				SDKROOT = iphoneos;
				SWIFT_COMPILATION_MODE = wholemodule;
				SWIFT_OPTIMIZATION_LEVEL = "-O";
				VALIDATE_PRODUCT = YES;
			};
			name = Release;
		};
		917BC6A92144C57500F0585A /* Debug */ = {
			isa = XCBuildConfiguration;
			baseConfigurationReference = 51208B043B568DA72ECA7652 /* Pods-New Plaza Cinemas.debug.xcconfig */;
			buildSettings = {
				ASSETCATALOG_COMPILER_APPICON_NAME = AppIcon;
				CODE_SIGN_STYLE = Automatic;
				DEVELOPMENT_TEAM = K8U5MUH5G8;
				INFOPLIST_FILE = "New Plaza Cinemas/Info.plist";
				LD_RUNPATH_SEARCH_PATHS = (
					"$(inherited)",
					"@executable_path/Frameworks",
				);
				PRODUCT_BUNDLE_IDENTIFIER = "tech.zvonik.New-Plaza-Cinemas";
				PRODUCT_NAME = "$(TARGET_NAME)";
				SWIFT_VERSION = 4.2;
				TARGETED_DEVICE_FAMILY = "1,2";
			};
			name = Debug;
		};
		917BC6AA2144C57500F0585A /* Release */ = {
			isa = XCBuildConfiguration;
			baseConfigurationReference = 59443525B0DA8A511D1AE842 /* Pods-New Plaza Cinemas.release.xcconfig */;
			buildSettings = {
				ASSETCATALOG_COMPILER_APPICON_NAME = AppIcon;
				CODE_SIGN_STYLE = Automatic;
				DEVELOPMENT_TEAM = K8U5MUH5G8;
				INFOPLIST_FILE = "New Plaza Cinemas/Info.plist";
				LD_RUNPATH_SEARCH_PATHS = (
					"$(inherited)",
					"@executable_path/Frameworks",
				);
				PRODUCT_BUNDLE_IDENTIFIER = "tech.zvonik.New-Plaza-Cinemas";
				PRODUCT_NAME = "$(TARGET_NAME)";
				SWIFT_VERSION = 4.2;
				TARGETED_DEVICE_FAMILY = "1,2";
			};
			name = Release;
		};
/* End XCBuildConfiguration section */

/* Begin XCConfigurationList section */
		917BC68F2144C57400F0585A /* Build configuration list for PBXProject "New Plaza Cinemas" */ = {
			isa = XCConfigurationList;
			buildConfigurations = (
				917BC6A62144C57500F0585A /* Debug */,
				917BC6A72144C57500F0585A /* Release */,
			);
			defaultConfigurationIsVisible = 0;
			defaultConfigurationName = Release;
		};
		917BC6A82144C57500F0585A /* Build configuration list for PBXNativeTarget "New Plaza Cinemas" */ = {
			isa = XCConfigurationList;
			buildConfigurations = (
				917BC6A92144C57500F0585A /* Debug */,
				917BC6AA2144C57500F0585A /* Release */,
			);
			defaultConfigurationIsVisible = 0;
			defaultConfigurationName = Release;
		};
/* End XCConfigurationList section */
	};
	rootObject = 917BC68C2144C57400F0585A /* Project object */;
}
